Microsoft Visual Studio Solution File, Format Version 11.00
# Visual Studio 2008

Project("{7D053D6A-63BB-433D-80CB-2F161B94059B}") = "Project Samples", "Assembly-CSharp-firstpass.csproj", "{962A02AE-4B92-8B91-B2F8-AE9B8B11BB3F}"
EndProject
Project("{7D053D6A-63BB-433D-80CB-2F161B94059B}") = "Project Samples", "Assembly-CSharp.csproj", "{F62D4780-31C8-4CF1-3A57-4838F1583226}"
EndProject
Project("{7D053D6A-63BB-433D-80CB-2F161B94059B}") = "Project Samples", "Assembly-CSharp-Editor.csproj", "{07E4A000-E6B5-ABBC-3D1B-9670C21F9A4D}"
EndProject
Global
	GlobalSection(SolutionConfigurationPlatforms) = preSolution
		Debug|Any CPU = Debug|Any CPU
		Release|Any CPU = Release|Any CPU
	EndGlobalSection
	GlobalSection(ProjectConfigurationPlatforms) = postSolution
		{962A02AE-4B92-8B91-B2F8-AE9B8B11BB3F}.Debug|Any CPU.ActiveCfg = Debug|Any CPU
		{962A02AE-4B92-8B91-B2F8-AE9B8B11BB3F}.Debug|Any CPU.Build.0 = Debug|Any CPU
		{962A02AE-4B92-8B91-B2F8-AE9B8B11BB3F}.Release|Any CPU.ActiveCfg = Release|Any CPU
		{962A02AE-4B92-8B91-B2F8-AE9B8B11BB3F}.Release|Any CPU.Build.0 = Release|Any CPU
		{F62D4780-31C8-4CF1-3A57-4838F1583226}.Debug|Any CPU.ActiveCfg = Debug|Any CPU
		{F62D4780-31C8-4CF1-3A57-4838F1583226}.Debug|Any CPU.Build.0 = Debug|Any CPU
		{F62D4780-31C8-4CF1-3A57-4838F1583226}.Release|Any CPU.ActiveCfg = Release|Any CPU
		{F62D4780-31C8-4CF1-3A57-4838F1583226}.Release|Any CPU.Build.0 = Release|Any CPU
		{07E4A000-E6B5-ABBC-3D1B-9670C21F9A4D}.Debug|Any CPU.ActiveCfg = Debug|Any CPU
		{07E4A000-E6B5-ABBC-3D1B-9670C21F9A4D}.Debug|Any CPU.Build.0 = Debug|Any CPU
		{07E4A000-E6B5-ABBC-3D1B-9670C21F9A4D}.Release|Any CPU.ActiveCfg = Release|Any CPU
		{07E4A000-E6B5-ABBC-3D1B-9670C21F9A4D}.Release|Any CPU.Build.0 = Release|Any CPU
	EndGlobalSection
	GlobalSection(SolutionProperties) = preSolution
		HideSolutionNode = FALSE
	EndGlobalSection
																																																												GlobalSection(MonoDevelopProperties) = preSolution
		StartupItem = Assembly-CSharp.csproj
		Policies = $0
		$0.TextStylePolicy = $1
		$1.inheritsSet = null
		$1.scope = text/x-csharp
		$0.CSharpFormattingPolicy = $2
		$2.inheritsSet = Mono
		$2.inheritsScope = text/x-csharp
		$2.scope = text/x-csharp
		$0.TextStylePolicy = $3
		$3.FileWidth = 120
		$3.TabWidth = 4
		$3.IndentWidth = 4
		$3.EolMarker = Unix
		$3.inheritsSet = Mono
		$3.inheritsScope = text/plain
		$3.scope = text/plain
	EndGlobalSection

EndGlobal
